
Microsoft Visual Studio Solution File, Format Version 12.00
# Visual Studio Version 16
VisualStudioVersion = 16.0.31911.196
MinimumVisualStudioVersion = 10.0.40219.1
Project("{6989167D-11E4-40FE-8C1A-2192A86A7E90}") = "AppSPH", "AppSPH.vfproj", "{82DCD477-4A83-4DA1-BC7E-5F83D0DBB24A}"
	ProjectSection(ProjectDependencies) = postProject
		{5ACAC13E-EB12-4B3F-B530-C88384F003BF} = {5ACAC13E-EB12-4B3F-B530-C88384F003BF}
	EndProjectSection
EndProject
Project("{6989167D-11E4-40FE-8C1A-2192A86A7E90}") = "TestSPH", "TestSPH.vfproj", "{435E8FFC-C3BC-4392-B8AC-83FD5453DC08}"
	ProjectSection(ProjectDependencies) = postProject
		{5ACAC13E-EB12-4B3F-B530-C88384F003BF} = {5ACAC13E-EB12-4B3F-B530-C88384F003BF}
		{4854DEF9-FB35-4175-905B-56D48A6591D0} = {4854DEF9-FB35-4175-905B-56D48A6591D0}
	EndProjectSection
EndProject
Project("{6989167D-11E4-40FE-8C1A-2192A86A7E90}") = "LibSPH", "LibSPH.vfproj", "{5ACAC13E-EB12-4B3F-B530-C88384F003BF}"
EndProject
Project("{6989167D-11E4-40FE-8C1A-2192A86A7E90}") = "LibTestDrive", "LibTestDrive.vfproj", "{4854DEF9-FB35-4175-905B-56D48A6591D0}"
EndProject
Global
	GlobalSection(SolutionConfigurationPlatforms) = preSolution
		Debug|Win32 = Debug|Win32
		Debug|x64 = Debug|x64
		Release|Win32 = Release|Win32
		Release|x64 = Release|x64
	EndGlobalSection
	GlobalSection(ProjectConfigurationPlatforms) = postSolution
		{82DCD477-4A83-4DA1-BC7E-5F83D0DBB24A}.Debug|Win32.ActiveCfg = Debug|Win32
		{82DCD477-4A83-4DA1-BC7E-5F83D0DBB24A}.Debug|Win32.Build.0 = Debug|Win32
		{82DCD477-4A83-4DA1-BC7E-5F83D0DBB24A}.Debug|x64.ActiveCfg = Debug|x64
		{82DCD477-4A83-4DA1-BC7E-5F83D0DBB24A}.Debug|x64.Build.0 = Debug|x64
		{82DCD477-4A83-4DA1-BC7E-5F83D0DBB24A}.Release|Win32.ActiveCfg = Release|Win32
		{82DCD477-4A83-4DA1-BC7E-5F83D0DBB24A}.Release|Win32.Build.0 = Release|Win32
		{82DCD477-4A83-4DA1-BC7E-5F83D0DBB24A}.Release|x64.ActiveCfg = Release|x64
		{82DCD477-4A83-4DA1-BC7E-5F83D0DBB24A}.Release|x64.Build.0 = Release|x64
		{435E8FFC-C3BC-4392-B8AC-83FD5453DC08}.Debug|Win32.ActiveCfg = Debug|Win32
		{435E8FFC-C3BC-4392-B8AC-83FD5453DC08}.Debug|Win32.Build.0 = Debug|Win32
		{435E8FFC-C3BC-4392-B8AC-83FD5453DC08}.Debug|x64.ActiveCfg = Debug|x64
		{435E8FFC-C3BC-4392-B8AC-83FD5453DC08}.Debug|x64.Build.0 = Debug|x64
		{435E8FFC-C3BC-4392-B8AC-83FD5453DC08}.Release|Win32.ActiveCfg = Release|Win32
		{435E8FFC-C3BC-4392-B8AC-83FD5453DC08}.Release|Win32.Build.0 = Release|Win32
		{435E8FFC-C3BC-4392-B8AC-83FD5453DC08}.Release|x64.ActiveCfg = Release|x64
		{435E8FFC-C3BC-4392-B8AC-83FD5453DC08}.Release|x64.Build.0 = Release|x64
		{5ACAC13E-EB12-4B3F-B530-C88384F003BF}.Debug|Win32.ActiveCfg = Debug|Win32
		{5ACAC13E-EB12-4B3F-B530-C88384F003BF}.Debug|Win32.Build.0 = Debug|Win32
		{5ACAC13E-EB12-4B3F-B530-C88384F003BF}.Debug|x64.ActiveCfg = Debug|x64
		{5ACAC13E-EB12-4B3F-B530-C88384F003BF}.Debug|x64.Build.0 = Debug|x64
		{5ACAC13E-EB12-4B3F-B530-C88384F003BF}.Release|Win32.ActiveCfg = Release|Win32
		{5ACAC13E-EB12-4B3F-B530-C88384F003BF}.Release|Win32.Build.0 = Release|Win32
		{5ACAC13E-EB12-4B3F-B530-C88384F003BF}.Release|x64.ActiveCfg = Release|x64
		{5ACAC13E-EB12-4B3F-B530-C88384F003BF}.Release|x64.Build.0 = Release|x64
		{4854DEF9-FB35-4175-905B-56D48A6591D0}.Debug|Win32.ActiveCfg = Debug|Win32
		{4854DEF9-FB35-4175-905B-56D48A6591D0}.Debug|Win32.Build.0 = Debug|Win32
		{4854DEF9-FB35-4175-905B-56D48A6591D0}.Debug|x64.ActiveCfg = Debug|x64
		{4854DEF9-FB35-4175-905B-56D48A6591D0}.Debug|x64.Build.0 = Debug|x64
		{4854DEF9-FB35-4175-905B-56D48A6591D0}.Release|Win32.ActiveCfg = Release|Win32
		{4854DEF9-FB35-4175-905B-56D48A6591D0}.Release|Win32.Build.0 = Release|Win32
		{4854DEF9-FB35-4175-905B-56D48A6591D0}.Release|x64.ActiveCfg = Release|x64
		{4854DEF9-FB35-4175-905B-56D48A6591D0}.Release|x64.Build.0 = Release|x64
	EndGlobalSection
	GlobalSection(SolutionProperties) = preSolution
		HideSolutionNode = FALSE
	EndGlobalSection
	GlobalSection(ExtensibilityGlobals) = postSolution
		SolutionGuid = {FBDBDE61-5486-4559-B41D-2E0614CB290B}
	EndGlobalSection
EndGlobal
